
Microsoft Visual Studio Solution File, Format Version 12.00
# Visual Studio Version 16
VisualStudioVersion = 16.0.29519.181
MinimumVisualStudioVersion = 10.0.40219.1
Project("{FAE04EC0-301F-11D3-BF4B-00C04F79EFBC}") = "Anghel_Otilia_Alexandra_Proiect", "Anghel_Otilia_Alexandra_Proiect.csproj", "{A3E40508-ABE7-4F2C-8B8B-4380CD793E7B}"
EndProject
Project("{FAE04EC0-301F-11D3-BF4B-00C04F79EFBC}") = "VolunteersModel", "..\VolunteersModel\VolunteersModel.csproj", "{20110E3C-AEB1-45C6-AC0E-4F0AE1E9F049}"
EndProject
Global
	GlobalSection(SolutionConfigurationPlatforms) = preSolution
		Debug|Any CPU = Debug|Any CPU
		Release|Any CPU = Release|Any CPU
	EndGlobalSection
	GlobalSection(ProjectConfigurationPlatforms) = postSolution
		{A3E40508-ABE7-4F2C-8B8B-4380CD793E7B}.Debug|Any CPU.ActiveCfg = Debug|Any CPU
		{A3E40508-ABE7-4F2C-8B8B-4380CD793E7B}.Debug|Any CPU.Build.0 = Debug|Any CPU
		{A3E40508-ABE7-4F2C-8B8B-4380CD793E7B}.Release|Any CPU.ActiveCfg = Release|Any CPU
		{A3E40508-ABE7-4F2C-8B8B-4380CD793E7B}.Release|Any CPU.Build.0 = Release|Any CPU
		{20110E3C-AEB1-45C6-AC0E-4F0AE1E9F049}.Debug|Any CPU.ActiveCfg = Debug|Any CPU
		{20110E3C-AEB1-45C6-AC0E-4F0AE1E9F049}.Debug|Any CPU.Build.0 = Debug|Any CPU
		{20110E3C-AEB1-45C6-AC0E-4F0AE1E9F049}.Release|Any CPU.ActiveCfg = Release|Any CPU
		{20110E3C-AEB1-45C6-AC0E-4F0AE1E9F049}.Release|Any CPU.Build.0 = Release|Any CPU
	EndGlobalSection
	GlobalSection(SolutionProperties) = preSolution
		HideSolutionNode = FALSE
	EndGlobalSection
	GlobalSection(ExtensibilityGlobals) = postSolution
		SolutionGuid = {E3E459F1-D55C-4C8A-B6F8-57B96E43B731}
	EndGlobalSection
EndGlobal
